// !$*UTF8*$!
{
	archiveVersion = 1;
	classes = {
	};
	objectVersion = 56;
	objects = {

/* Begin PBXBuildFile section */
		2F10C8902A32A1FD0013E32C /* HabitTrackerApp.swift in Sources */ = {isa = PBXBuildFile; fileRef = 2F10C88F2A32A1FD0013E32C /* HabitTrackerApp.swift */; };
		2F10C8922A32A1FD0013E32C /* ContentView.swift in Sources */ = {isa = PBXBuildFile; fileRef = 2F10C8912A32A1FD0013E32C /* ContentView.swift */; };
		2F10C8942A32A1FF0013E32C /* Assets.xcassets in Resources */ = {isa = PBXBuildFile; fileRef = 2F10C8932A32A1FF0013E32C /* Assets.xcassets */; };
		2F10C8972A32A1FF0013E32C /* Preview Assets.xcassets in Resources */ = {isa = PBXBuildFile; fileRef = 2F10C8962A32A1FF0013E32C /* Preview Assets.xcassets */; };
		2F10C8A52A32BA650013E32C /* SingleHabitView.swift in Sources */ = {isa = PBXBuildFile; fileRef = 2F10C8A42A32BA650013E32C /* SingleHabitView.swift */; };
		2F10C8A82A32BA8F0013E32C /* Habit.swift in Sources */ = {isa = PBXBuildFile; fileRef = 2F10C8A72A32BA8F0013E32C /* Habit.swift */; };
		2F10C8AA2A32BDFC0013E32C /* HabitCalendarView.swift in Sources */ = {isa = PBXBuildFile; fileRef = 2F10C8A92A32BDFC0013E32C /* HabitCalendarView.swift */; };
		2F10C8AC2A33C6890013E32C /* HabitCellView.swift in Sources */ = {isa = PBXBuildFile; fileRef = 2F10C8AB2A33C6890013E32C /* HabitCellView.swift */; };
		2F173C2E2A82B63700E3BA81 /* Date+Ext.swift in Sources */ = {isa = PBXBuildFile; fileRef = 2F173C2D2A82B63700E3BA81 /* Date+Ext.swift */; };
		2F3DBCCB2A3C03660055F60C /* Activity.swift in Sources */ = {isa = PBXBuildFile; fileRef = 2F3DBCCA2A3C03660055F60C /* Activity.swift */; };
		2F4396B22A60CD1100C7C716 /* MaterialButton.swift in Sources */ = {isa = PBXBuildFile; fileRef = 2F4396B12A60CD1100C7C716 /* MaterialButton.swift */; };
		2F8380DA2A817726006C8CA5 /* EmptyHabitCell.swift in Sources */ = {isa = PBXBuildFile; fileRef = 2F8380D92A817726006C8CA5 /* EmptyHabitCell.swift */; };
		2F86858A2A4CE7F4005113C3 /* APIClient.swift in Sources */ = {isa = PBXBuildFile; fileRef = 2F8685892A4CE7F4005113C3 /* APIClient.swift */; };
		2F86858C2A4E043E005113C3 /* HabitResponse.swift in Sources */ = {isa = PBXBuildFile; fileRef = 2F86858B2A4E043E005113C3 /* HabitResponse.swift */; };
		2F9992E72A7C7F300030F9F4 /* IconCell.swift in Sources */ = {isa = PBXBuildFile; fileRef = 2F9992E62A7C7F300030F9F4 /* IconCell.swift */; };
		2F9992EA2A7C8F5A0030F9F4 /* IconsView.swift in Sources */ = {isa = PBXBuildFile; fileRef = 2F9992E92A7C8F5A0030F9F4 /* IconsView.swift */; };
		2FB134532A7DA0C30011FC59 /* HabitsViewModel.swift in Sources */ = {isa = PBXBuildFile; fileRef = 2FB134522A7DA0C30011FC59 /* HabitsViewModel.swift */; };
		2FBBB7D62A81A2E100041B57 /* SingleHabitViewModel.swift in Sources */ = {isa = PBXBuildFile; fileRef = 2FBBB7D52A81A2E100041B57 /* SingleHabitViewModel.swift */; };
		2FBBB7D82A81A4AB00041B57 /* AddActivityView.swift in Sources */ = {isa = PBXBuildFile; fileRef = 2FBBB7D72A81A4AB00041B57 /* AddActivityView.swift */; };
		2FEA25972A5630360075F8CE /* Iconoir in Frameworks */ = {isa = PBXBuildFile; productRef = 2FEA25962A5630360075F8CE /* Iconoir */; };
		2FFADA6A2A4E3DDC00132964 /* InsertHabitResponse.swift in Sources */ = {isa = PBXBuildFile; fileRef = 2FFADA692A4E3DDC00132964 /* InsertHabitResponse.swift */; };
		2FFADA6C2A4F2E6400132964 /* HabitsView.swift in Sources */ = {isa = PBXBuildFile; fileRef = 2FFADA6B2A4F2E6400132964 /* HabitsView.swift */; };
		2FFEA1422A901BFF00788353 /* NetworkManager.swift in Sources */ = {isa = PBXBuildFile; fileRef = 2FFEA1412A901BFF00788353 /* NetworkManager.swift */; };
/* End PBXBuildFile section */

/* Begin PBXFileReference section */
		2F10C88C2A32A1FD0013E32C /* HabitTracker.app */ = {isa = PBXFileReference; explicitFileType = wrapper.application; includeInIndex = 0; path = HabitTracker.app; sourceTree = BUILT_PRODUCTS_DIR; };
		2F10C88F2A32A1FD0013E32C /* HabitTrackerApp.swift */ = {isa = PBXFileReference; lastKnownFileType = sourcecode.swift; path = HabitTrackerApp.swift; sourceTree = "<group>"; };
		2F10C8912A32A1FD0013E32C /* ContentView.swift */ = {isa = PBXFileReference; lastKnownFileType = sourcecode.swift; path = ContentView.swift; sourceTree = "<group>"; };
		2F10C8932A32A1FF0013E32C /* Assets.xcassets */ = {isa = PBXFileReference; lastKnownFileType = folder.assetcatalog; path = Assets.xcassets; sourceTree = "<group>"; };
		2F10C8962A32A1FF0013E32C /* Preview Assets.xcassets */ = {isa = PBXFileReference; lastKnownFileType = folder.assetcatalog; path = "Preview Assets.xcassets"; sourceTree = "<group>"; };
		2F10C8A42A32BA650013E32C /* SingleHabitView.swift */ = {isa = PBXFileReference; lastKnownFileType = sourcecode.swift; path = SingleHabitView.swift; sourceTree = "<group>"; };
		2F10C8A72A32BA8F0013E32C /* Habit.swift */ = {isa = PBXFileReference; lastKnownFileType = sourcecode.swift; path = Habit.swift; sourceTree = "<group>"; };
		2F10C8A92A32BDFC0013E32C /* HabitCalendarView.swift */ = {isa = PBXFileReference; lastKnownFileType = sourcecode.swift; path = HabitCalendarView.swift; sourceTree = "<group>"; };
		2F10C8AB2A33C6890013E32C /* HabitCellView.swift */ = {isa = PBXFileReference; lastKnownFileType = sourcecode.swift; path = HabitCellView.swift; sourceTree = "<group>"; };
		2F173C2D2A82B63700E3BA81 /* Date+Ext.swift */ = {isa = PBXFileReference; lastKnownFileType = sourcecode.swift; path = "Date+Ext.swift"; sourceTree = "<group>"; };
		2F3DBCCA2A3C03660055F60C /* Activity.swift */ = {isa = PBXFileReference; lastKnownFileType = sourcecode.swift; path = Activity.swift; sourceTree = "<group>"; };
		2F4396B12A60CD1100C7C716 /* MaterialButton.swift */ = {isa = PBXFileReference; lastKnownFileType = sourcecode.swift; path = MaterialButton.swift; sourceTree = "<group>"; };
		2F8380D92A817726006C8CA5 /* EmptyHabitCell.swift */ = {isa = PBXFileReference; lastKnownFileType = sourcecode.swift; path = EmptyHabitCell.swift; sourceTree = "<group>"; };
		2F8685892A4CE7F4005113C3 /* APIClient.swift */ = {isa = PBXFileReference; lastKnownFileType = sourcecode.swift; path = APIClient.swift; sourceTree = "<group>"; };
		2F86858B2A4E043E005113C3 /* HabitResponse.swift */ = {isa = PBXFileReference; lastKnownFileType = sourcecode.swift; path = HabitResponse.swift; sourceTree = "<group>"; };
		2F9992E62A7C7F300030F9F4 /* IconCell.swift */ = {isa = PBXFileReference; lastKnownFileType = sourcecode.swift; path = IconCell.swift; sourceTree = "<group>"; };
		2F9992E92A7C8F5A0030F9F4 /* IconsView.swift */ = {isa = PBXFileReference; lastKnownFileType = sourcecode.swift; path = IconsView.swift; sourceTree = "<group>"; };
		2FB134522A7DA0C30011FC59 /* HabitsViewModel.swift */ = {isa = PBXFileReference; lastKnownFileType = sourcecode.swift; path = HabitsViewModel.swift; sourceTree = "<group>"; };
		2FBBB7D52A81A2E100041B57 /* SingleHabitViewModel.swift */ = {isa = PBXFileReference; lastKnownFileType = sourcecode.swift; path = SingleHabitViewModel.swift; sourceTree = "<group>"; };
		2FBBB7D72A81A4AB00041B57 /* AddActivityView.swift */ = {isa = PBXFileReference; lastKnownFileType = sourcecode.swift; path = AddActivityView.swift; sourceTree = "<group>"; };
		2FFADA692A4E3DDC00132964 /* InsertHabitResponse.swift */ = {isa = PBXFileReference; lastKnownFileType = sourcecode.swift; path = InsertHabitResponse.swift; sourceTree = "<group>"; };
		2FFADA6B2A4F2E6400132964 /* HabitsView.swift */ = {isa = PBXFileReference; fileEncoding = 4; lastKnownFileType = sourcecode.swift; path = HabitsView.swift; sourceTree = "<group>"; };
		2FFEA1412A901BFF00788353 /* NetworkManager.swift */ = {isa = PBXFileReference; lastKnownFileType = sourcecode.swift; path = NetworkManager.swift; sourceTree = "<group>"; };
/* End PBXFileReference section */

/* Begin PBXFrameworksBuildPhase section */
		2F10C8892A32A1FD0013E32C /* Frameworks */ = {
			isa = PBXFrameworksBuildPhase;
			buildActionMask = 2147483647;
			files = (
				2FEA25972A5630360075F8CE /* Iconoir in Frameworks */,
			);
			runOnlyForDeploymentPostprocessing = 0;
		};
/* End PBXFrameworksBuildPhase section */

/* Begin PBXGroup section */
		2F10C8832A32A1FD0013E32C = {
			isa = PBXGroup;
			children = (
				2F10C88E2A32A1FD0013E32C /* HabitTracker */,
				2F10C88D2A32A1FD0013E32C /* Products */,
			);
			sourceTree = "<group>";
		};
		2F10C88D2A32A1FD0013E32C /* Products */ = {
			isa = PBXGroup;
			children = (
				2F10C88C2A32A1FD0013E32C /* HabitTracker.app */,
			);
			name = Products;
			sourceTree = "<group>";
		};
		2F10C88E2A32A1FD0013E32C /* HabitTracker */ = {
			isa = PBXGroup;
			children = (
				2F173C2C2A82B62600E3BA81 /* Extensions */,
				2FB134512A7DA0A90011FC59 /* ViewModels */,
				2F9992E52A7C7F180030F9F4 /* Cells */,
				2FFADA682A4E3DC000132964 /* Responses */,
				2F10C8A62A32BA7B0013E32C /* Models */,
				2F10C89D2A32A5D00013E32C /* Views */,
				2F10C88F2A32A1FD0013E32C /* HabitTrackerApp.swift */,
				2F10C8912A32A1FD0013E32C /* ContentView.swift */,
				2F10C8932A32A1FF0013E32C /* Assets.xcassets */,
				2F10C8952A32A1FF0013E32C /* Preview Content */,
				2F8685892A4CE7F4005113C3 /* APIClient.swift */,
				2F4396B12A60CD1100C7C716 /* MaterialButton.swift */,
				2FFEA1412A901BFF00788353 /* NetworkManager.swift */,
			);
			path = HabitTracker;
			sourceTree = "<group>";
		};
		2F10C8952A32A1FF0013E32C /* Preview Content */ = {
			isa = PBXGroup;
			children = (
				2F10C8962A32A1FF0013E32C /* Preview Assets.xcassets */,
			);
			path = "Preview Content";
			sourceTree = "<group>";
		};
		2F10C89D2A32A5D00013E32C /* Views */ = {
			isa = PBXGroup;
			children = (
				2F9992E92A7C8F5A0030F9F4 /* IconsView.swift */,
				2FFADA6B2A4F2E6400132964 /* HabitsView.swift */,
				2F10C8A42A32BA650013E32C /* SingleHabitView.swift */,
				2F10C8A92A32BDFC0013E32C /* HabitCalendarView.swift */,
				2FBBB7D72A81A4AB00041B57 /* AddActivityView.swift */,
			);
			path = Views;
			sourceTree = "<group>";
		};
		2F10C8A62A32BA7B0013E32C /* Models */ = {
			isa = PBXGroup;
			children = (
				2F10C8A72A32BA8F0013E32C /* Habit.swift */,
				2F3DBCCA2A3C03660055F60C /* Activity.swift */,
			);
			path = Models;
			sourceTree = "<group>";
		};
		2F173C2C2A82B62600E3BA81 /* Extensions */ = {
			isa = PBXGroup;
			children = (
				2F173C2D2A82B63700E3BA81 /* Date+Ext.swift */,
			);
			path = Extensions;
			sourceTree = "<group>";
		};
		2F9992E52A7C7F180030F9F4 /* Cells */ = {
			isa = PBXGroup;
			children = (
				2F10C8AB2A33C6890013E32C /* HabitCellView.swift */,
				2F9992E62A7C7F300030F9F4 /* IconCell.swift */,
				2F8380D92A817726006C8CA5 /* EmptyHabitCell.swift */,
			);
			path = Cells;
			sourceTree = "<group>";
		};
		2FB134512A7DA0A90011FC59 /* ViewModels */ = {
			isa = PBXGroup;
			children = (
				2FB134522A7DA0C30011FC59 /* HabitsViewModel.swift */,
				2FBBB7D52A81A2E100041B57 /* SingleHabitViewModel.swift */,
			);
			path = ViewModels;
			sourceTree = "<group>";
		};
		2FFADA682A4E3DC000132964 /* Responses */ = {
			isa = PBXGroup;
			children = (
				2F86858B2A4E043E005113C3 /* HabitResponse.swift */,
				2FFADA692A4E3DDC00132964 /* InsertHabitResponse.swift */,
			);
			path = Responses;
			sourceTree = "<group>";
		};
/* End PBXGroup section */

/* Begin PBXNativeTarget section */
		2F10C88B2A32A1FD0013E32C /* HabitTracker */ = {
			isa = PBXNativeTarget;
			buildConfigurationList = 2F10C89A2A32A1FF0013E32C /* Build configuration list for PBXNativeTarget "HabitTracker" */;
			buildPhases = (
				2F10C8882A32A1FD0013E32C /* Sources */,
				2F10C8892A32A1FD0013E32C /* Frameworks */,
				2F10C88A2A32A1FD0013E32C /* Resources */,
			);
			buildRules = (
			);
			dependencies = (
			);
			name = HabitTracker;
			packageProductDependencies = (
				2FEA25962A5630360075F8CE /* Iconoir */,
			);
			productName = HabitTracker;
			productReference = 2F10C88C2A32A1FD0013E32C /* HabitTracker.app */;
			productType = "com.apple.product-type.application";
		};
/* End PBXNativeTarget section */

/* Begin PBXProject section */
		2F10C8842A32A1FD0013E32C /* Project object */ = {
			isa = PBXProject;
			attributes = {
				BuildIndependentTargetsInParallel = 1;
				LastSwiftUpdateCheck = 1430;
				LastUpgradeCheck = 1430;
				TargetAttributes = {
					2F10C88B2A32A1FD0013E32C = {
						CreatedOnToolsVersion = 14.3;
					};
				};
			};
			buildConfigurationList = 2F10C8872A32A1FD0013E32C /* Build configuration list for PBXProject "HabitTracker" */;
			compatibilityVersion = "Xcode 14.0";
			developmentRegion = en;
			hasScannedForEncodings = 0;
			knownRegions = (
				en,
				Base,
			);
			mainGroup = 2F10C8832A32A1FD0013E32C;
			packageReferences = (
				2FEA25952A5630360075F8CE /* XCRemoteSwiftPackageReference "iconoir-swift" */,
			);
			productRefGroup = 2F10C88D2A32A1FD0013E32C /* Products */;
			projectDirPath = "";
			projectRoot = "";
			targets = (
				2F10C88B2A32A1FD0013E32C /* HabitTracker */,
			);
		};
/* End PBXProject section */

/* Begin PBXResourcesBuildPhase section */
		2F10C88A2A32A1FD0013E32C /* Resources */ = {
			isa = PBXResourcesBuildPhase;
			buildActionMask = 2147483647;
			files = (
				2F10C8972A32A1FF0013E32C /* Preview Assets.xcassets in Resources */,
				2F10C8942A32A1FF0013E32C /* Assets.xcassets in Resources */,
			);
			runOnlyForDeploymentPostprocessing = 0;
		};
/* End PBXResourcesBuildPhase section */

/* Begin PBXSourcesBuildPhase section */
		2F10C8882A32A1FD0013E32C /* Sources */ = {
			isa = PBXSourcesBuildPhase;
			buildActionMask = 2147483647;
			files = (
				2F8380DA2A817726006C8CA5 /* EmptyHabitCell.swift in Sources */,
				2F9992EA2A7C8F5A0030F9F4 /* IconsView.swift in Sources */,
				2F3DBCCB2A3C03660055F60C /* Activity.swift in Sources */,
				2FB134532A7DA0C30011FC59 /* HabitsViewModel.swift in Sources */,
				2FBBB7D62A81A2E100041B57 /* SingleHabitViewModel.swift in Sources */,
				2F9992E72A7C7F300030F9F4 /* IconCell.swift in Sources */,
				2FFADA6A2A4E3DDC00132964 /* InsertHabitResponse.swift in Sources */,
				2FFADA6C2A4F2E6400132964 /* HabitsView.swift in Sources */,
				2F10C8AC2A33C6890013E32C /* HabitCellView.swift in Sources */,
				2F173C2E2A82B63700E3BA81 /* Date+Ext.swift in Sources */,
				2F86858C2A4E043E005113C3 /* HabitResponse.swift in Sources */,
				2F10C8922A32A1FD0013E32C /* ContentView.swift in Sources */,
				2FFEA1422A901BFF00788353 /* NetworkManager.swift in Sources */,
				2F10C8A82A32BA8F0013E32C /* Habit.swift in Sources */,
				2F10C8902A32A1FD0013E32C /* HabitTrackerApp.swift in Sources */,
				2F10C8A52A32BA650013E32C /* SingleHabitView.swift in Sources */,
				2F10C8AA2A32BDFC0013E32C /* HabitCalendarView.swift in Sources */,
				2F86858A2A4CE7F4005113C3 /* APIClient.swift in Sources */,
				2FBBB7D82A81A4AB00041B57 /* AddActivityView.swift in Sources */,
				2F4396B22A60CD1100C7C716 /* MaterialButton.swift in Sources */,
			);
			runOnlyForDeploymentPostprocessing = 0;
		};
/* End PBXSourcesBuildPhase section */

/* Begin XCBuildConfiguration section */
		2F10C8982A32A1FF0013E32C /* Debug */ = {
			isa = XCBuildConfiguration;
			buildSettings = {
				ALWAYS_SEARCH_USER_PATHS = NO;
				CLANG_ANALYZER_NONNULL = YES;
				CLANG_ANALYZER_NUMBER_OBJECT_CONVERSION = YES_AGGRESSIVE;
				CLANG_CXX_LANGUAGE_STANDARD = "gnu++20";
				CLANG_ENABLE_MODULES = YES;
				CLANG_ENABLE_OBJC_ARC = YES;
				CLANG_ENABLE_OBJC_WEAK = YES;
				CLANG_WARN_BLOCK_CAPTURE_AUTORELEASING = YES;
				CLANG_WARN_BOOL_CONVERSION = YES;
				CLANG_WARN_COMMA = YES;
				CLANG_WARN_CONSTANT_CONVERSION = YES;
				CLANG_WARN_DEPRECATED_OBJC_IMPLEMENTATIONS = YES;
				CLANG_WARN_DIRECT_OBJC_ISA_USAGE = YES_ERROR;
				CLANG_WARN_DOCUMENTATION_COMMENTS = YES;
				CLANG_WARN_EMPTY_BODY = YES;
				CLANG_WARN_ENUM_CONVERSION = YES;
				CLANG_WARN_INFINITE_RECURSION = YES;
				CLANG_WARN_INT_CONVERSION = YES;
				CLANG_WARN_NON_LITERAL_NULL_CONVERSION = YES;
				CLANG_WARN_OBJC_IMPLICIT_RETAIN_SELF = YES;
				CLANG_WARN_OBJC_LITERAL_CONVERSION = YES;
				CLANG_WARN_OBJC_ROOT_CLASS = YES_ERROR;
				CLANG_WARN_QUOTED_INCLUDE_IN_FRAMEWORK_HEADER = YES;
				CLANG_WARN_RANGE_LOOP_ANALYSIS = YES;
				CLANG_WARN_STRICT_PROTOTYPES = YES;
				CLANG_WARN_SUSPICIOUS_MOVE = YES;
				CLANG_WARN_UNGUARDED_AVAILABILITY = YES_AGGRESSIVE;
				CLANG_WARN_UNREACHABLE_CODE = YES;
				CLANG_WARN__DUPLICATE_METHOD_MATCH = YES;
				COPY_PHASE_STRIP = NO;
				DEBUG_INFORMATION_FORMAT = dwarf;
				ENABLE_STRICT_OBJC_MSGSEND = YES;
				ENABLE_TESTABILITY = YES;
				GCC_C_LANGUAGE_STANDARD = gnu11;
				GCC_DYNAMIC_NO_PIC = NO;
				GCC_NO_COMMON_BLOCKS = YES;
				GCC_OPTIMIZATION_LEVEL = 0;
				GCC_PREPROCESSOR_DEFINITIONS = (
					"DEBUG=1",
					"$(inherited)",
				);
				GCC_WARN_64_TO_32_BIT_CONVERSION = YES;
				GCC_WARN_ABOUT_RETURN_TYPE = YES_ERROR;
				GCC_WARN_UNDECLARED_SELECTOR = YES;
				GCC_WARN_UNINITIALIZED_AUTOS = YES_AGGRESSIVE;
				GCC_WARN_UNUSED_FUNCTION = YES;
				GCC_WARN_UNUSED_VARIABLE = YES;
				IPHONEOS_DEPLOYMENT_TARGET = 16.4;
				MTL_ENABLE_DEBUG_INFO = INCLUDE_SOURCE;
				MTL_FAST_MATH = YES;
				ONLY_ACTIVE_ARCH = YES;
				SDKROOT = iphoneos;
				SWIFT_ACTIVE_COMPILATION_CONDITIONS = DEBUG;
				SWIFT_OPTIMIZATION_LEVEL = "-Onone";
			};
			name = Debug;
		};
		2F10C8992A32A1FF0013E32C /* Release */ = {
			isa = XCBuildConfiguration;
			buildSettings = {
				ALWAYS_SEARCH_USER_PATHS = NO;
				CLANG_ANALYZER_NONNULL = YES;
				CLANG_ANALYZER_NUMBER_OBJECT_CONVERSION = YES_AGGRESSIVE;
				CLANG_CXX_LANGUAGE_STANDARD = "gnu++20";
				CLANG_ENABLE_MODULES = YES;
				CLANG_ENABLE_OBJC_ARC = YES;
				CLANG_ENABLE_OBJC_WEAK = YES;
				CLANG_WARN_BLOCK_CAPTURE_AUTORELEASING = YES;
				CLANG_WARN_BOOL_CONVERSION = YES;
				CLANG_WARN_COMMA = YES;
				CLANG_WARN_CONSTANT_CONVERSION = YES;
				CLANG_WARN_DEPRECATED_OBJC_IMPLEMENTATIONS = YES;
				CLANG_WARN_DIRECT_OBJC_ISA_USAGE = YES_ERROR;
				CLANG_WARN_DOCUMENTATION_COMMENTS = YES;
				CLANG_WARN_EMPTY_BODY = YES;
				CLANG_WARN_ENUM_CONVERSION = YES;
				CLANG_WARN_INFINITE_RECURSION = YES;
				CLANG_WARN_INT_CONVERSION = YES;
				CLANG_WARN_NON_LITERAL_NULL_CONVERSION = YES;
				CLANG_WARN_OBJC_IMPLICIT_RETAIN_SELF = YES;
				CLANG_WARN_OBJC_LITERAL_CONVERSION = YES;
				CLANG_WARN_OBJC_ROOT_CLASS = YES_ERROR;
				CLANG_WARN_QUOTED_INCLUDE_IN_FRAMEWORK_HEADER = YES;
				CLANG_WARN_RANGE_LOOP_ANALYSIS = YES;
				CLANG_WARN_STRICT_PROTOTYPES = YES;
				CLANG_WARN_SUSPICIOUS_MOVE = YES;
				CLANG_WARN_UNGUARDED_AVAILABILITY = YES_AGGRESSIVE;
				CLANG_WARN_UNREACHABLE_CODE = YES;
				CLANG_WARN__DUPLICATE_METHOD_MATCH = YES;
				COPY_PHASE_STRIP = NO;
				DEBUG_INFORMATION_FORMAT = "dwarf-with-dsym";
				ENABLE_NS_ASSERTIONS = NO;
				ENABLE_STRICT_OBJC_MSGSEND = YES;
				GCC_C_LANGUAGE_STANDARD = gnu11;
				GCC_NO_COMMON_BLOCKS = YES;
				GCC_WARN_64_TO_32_BIT_CONVERSION = YES;
				GCC_WARN_ABOUT_RETURN_TYPE = YES_ERROR;
				GCC_WARN_UNDECLARED_SELECTOR = YES;
				GCC_WARN_UNINITIALIZED_AUTOS = YES_AGGRESSIVE;
				GCC_WARN_UNUSED_FUNCTION = YES;
				GCC_WARN_UNUSED_VARIABLE = YES;
				IPHONEOS_DEPLOYMENT_TARGET = 16.4;
				MTL_ENABLE_DEBUG_INFO = NO;
				MTL_FAST_MATH = YES;
				SDKROOT = iphoneos;
				SWIFT_COMPILATION_MODE = wholemodule;
				SWIFT_OPTIMIZATION_LEVEL = "-O";
				VALIDATE_PRODUCT = YES;
			};
			name = Release;
		};
		2F10C89B2A32A1FF0013E32C /* Debug */ = {
			isa = XCBuildConfiguration;
			buildSettings = {
				ASSETCATALOG_COMPILER_APPICON_NAME = AppIcon;
				ASSETCATALOG_COMPILER_GLOBAL_ACCENT_COLOR_NAME = AccentColor;
				CODE_SIGN_STYLE = Automatic;
				CURRENT_PROJECT_VERSION = 1;
				DEVELOPMENT_ASSET_PATHS = "\"HabitTracker/Preview Content\"";
				DEVELOPMENT_TEAM = G7956HFVVK;
				ENABLE_PREVIEWS = YES;
				GENERATE_INFOPLIST_FILE = YES;
				INFOPLIST_KEY_UIApplicationSceneManifest_Generation = YES;
				INFOPLIST_KEY_UIApplicationSupportsIndirectInputEvents = YES;
				INFOPLIST_KEY_UILaunchScreen_Generation = YES;
				INFOPLIST_KEY_UISupportedInterfaceOrientations_iPad = "UIInterfaceOrientationPortrait UIInterfaceOrientationPortraitUpsideDown UIInterfaceOrientationLandscapeLeft UIInterfaceOrientationLandscapeRight";
				INFOPLIST_KEY_UISupportedInterfaceOrientations_iPhone = "UIInterfaceOrientationPortrait UIInterfaceOrientationLandscapeLeft UIInterfaceOrientationLandscapeRight";
				LD_RUNPATH_SEARCH_PATHS = (
					"$(inherited)",
					"@executable_path/Frameworks",
				);
				MARKETING_VERSION = 1.0;
				PRODUCT_BUNDLE_IDENTIFIER = tylertorres.HabitTracker;
				PRODUCT_NAME = "$(TARGET_NAME)";
				SWIFT_EMIT_LOC_STRINGS = YES;
				SWIFT_VERSION = 5.0;
				TARGETED_DEVICE_FAMILY = "1,2";
			};
			name = Debug;
		};
		2F10C89C2A32A1FF0013E32C /* Release */ = {
			isa = XCBuildConfiguration;
			buildSettings = {
				ASSETCATALOG_COMPILER_APPICON_NAME = AppIcon;
				ASSETCATALOG_COMPILER_GLOBAL_ACCENT_COLOR_NAME = AccentColor;
				CODE_SIGN_STYLE = Automatic;
				CURRENT_PROJECT_VERSION = 1;
				DEVELOPMENT_ASSET_PATHS = "\"HabitTracker/Preview Content\"";
				DEVELOPMENT_TEAM = G7956HFVVK;
				ENABLE_PREVIEWS = YES;
				GENERATE_INFOPLIST_FILE = YES;
				INFOPLIST_KEY_UIApplicationSceneManifest_Generation = YES;
				INFOPLIST_KEY_UIApplicationSupportsIndirectInputEvents = YES;
				INFOPLIST_KEY_UILaunchScreen_Generation = YES;
				INFOPLIST_KEY_UISupportedInterfaceOrientations_iPad = "UIInterfaceOrientationPortrait UIInterfaceOrientationPortraitUpsideDown UIInterfaceOrientationLandscapeLeft UIInterfaceOrientationLandscapeRight";
				INFOPLIST_KEY_UISupportedInterfaceOrientations_iPhone = "UIInterfaceOrientationPortrait UIInterfaceOrientationLandscapeLeft UIInterfaceOrientationLandscapeRight";
				LD_RUNPATH_SEARCH_PATHS = (
					"$(inherited)",
					"@executable_path/Frameworks",
				);
				MARKETING_VERSION = 1.0;
				PRODUCT_BUNDLE_IDENTIFIER = tylertorres.HabitTracker;
				PRODUCT_NAME = "$(TARGET_NAME)";
				SWIFT_EMIT_LOC_STRINGS = YES;
				SWIFT_VERSION = 5.0;
				TARGETED_DEVICE_FAMILY = "1,2";
			};
			name = Release;
		};
/* End XCBuildConfiguration section */

/* Begin XCConfigurationList section */
		2F10C8872A32A1FD0013E32C /* Build configuration list for PBXProject "HabitTracker" */ = {
			isa = XCConfigurationList;
			buildConfigurations = (
				2F10C8982A32A1FF0013E32C /* Debug */,
				2F10C8992A32A1FF0013E32C /* Release */,
			);
			defaultConfigurationIsVisible = 0;
			defaultConfigurationName = Release;
		};
		2F10C89A2A32A1FF0013E32C /* Build configuration list for PBXNativeTarget "HabitTracker" */ = {
			isa = XCConfigurationList;
			buildConfigurations = (
				2F10C89B2A32A1FF0013E32C /* Debug */,
				2F10C89C2A32A1FF0013E32C /* Release */,
			);
			defaultConfigurationIsVisible = 0;
			defaultConfigurationName = Release;
		};
/* End XCConfigurationList section */

/* Begin XCRemoteSwiftPackageReference section */
		2FEA25952A5630360075F8CE /* XCRemoteSwiftPackageReference "iconoir-swift" */ = {
			isa = XCRemoteSwiftPackageReference;
			repositoryURL = "https://github.com/iconoir-icons/iconoir-swift.git";
			requirement = {
				branch = main;
				kind = branch;
			};
		};
/* End XCRemoteSwiftPackageReference section */

/* Begin XCSwiftPackageProductDependency section */
		2FEA25962A5630360075F8CE /* Iconoir */ = {
			isa = XCSwiftPackageProductDependency;
			package = 2FEA25952A5630360075F8CE /* XCRemoteSwiftPackageReference "iconoir-swift" */;
			productName = Iconoir;
		};
/* End XCSwiftPackageProductDependency section */
	};
	rootObject = 2F10C8842A32A1FD0013E32C /* Project object */;
}
